
Microsoft Visual Studio Solution File, Format Version 12.00
# Visual Studio Version 17
VisualStudioVersion = 17.4.33205.214
MinimumVisualStudioVersion = 10.0.40219.1
Project("{FAE04EC0-301F-11D3-BF4B-00C04F79EFBC}") = "ExamOOP", "ExamOOP\ExamOOP.csproj", "{ECEDDDAE-1D7D-4F99-A735-C78E636C9239}"
EndProject
Global
	GlobalSection(SolutionConfigurationPlatforms) = preSolution
		Debug|Any CPU = Debug|Any CPU
		Release|Any CPU = Release|Any CPU
	EndGlobalSection
	GlobalSection(ProjectConfigurationPlatforms) = postSolution
		{ECEDDDAE-1D7D-4F99-A735-C78E636C9239}.Debug|Any CPU.ActiveCfg = Debug|Any CPU
		{ECEDDDAE-1D7D-4F99-A735-C78E636C9239}.Debug|Any CPU.Build.0 = Debug|Any CPU
		{ECEDDDAE-1D7D-4F99-A735-C78E636C9239}.Release|Any CPU.ActiveCfg = Release|Any CPU
		{ECEDDDAE-1D7D-4F99-A735-C78E636C9239}.Release|Any CPU.Build.0 = Release|Any CPU
	EndGlobalSection
	GlobalSection(SolutionProperties) = preSolution
		HideSolutionNode = FALSE
	EndGlobalSection
	GlobalSection(ExtensibilityGlobals) = postSolution
		SolutionGuid = {00AEA6A3-71A3-40B2-BC1F-4354D9FDEAC8}
	EndGlobalSection
EndGlobal
